# @generated - this file is auto-generated by `mise lock` https://mise.jdx.dev/dev-tools/mise-lock.html

[[tools."aqua:orhun/git-cliff"]]
version = "2.13.1"
backend = "aqua:orhun/git-cliff"

[tools."aqua:orhun/git-cliff"."platforms.linux-arm64"]
checksum = "sha256:4054c124b926c117f3fa048939bc8be0a954f29f3b6f367627e8cb22c1971882"
url = "https://github.com/orhun/git-cliff/releases/download/v2.13.1/git-cliff-2.13.1-aarch64-unknown-linux-musl.tar.gz"
url_api = "https://api.github.com/repos/orhun/git-cliff/releases/assets/405850720"

[tools."aqua:orhun/git-cliff"."platforms.linux-arm64-musl"]
checksum = "sha256:4054c124b926c117f3fa048939bc8be0a954f29f3b6f367627e8cb22c1971882"
url = "https://github.com/orhun/git-cliff/releases/download/v2.13.1/git-cliff-2.13.1-aarch64-unknown-linux-musl.tar.gz"
url_api = "https://api.github.com/repos/orhun/git-cliff/releases/assets/405850720"

[tools."aqua:orhun/git-cliff"."platforms.linux-x64"]
checksum = "sha256:200d2535da6d9703f3bcc8a4d159c3b55eacdb01cf2148c55b3eee9dd04d5249"
url = "https://github.com/orhun/git-cliff/releases/download/v2.13.1/git-cliff-2.13.1-x86_64-unknown-linux-musl.tar.gz"
url_api = "https://api.github.com/repos/orhun/git-cliff/releases/assets/405850671"

[tools."aqua:orhun/git-cliff"."platforms.linux-x64-musl"]
checksum = "sha256:200d2535da6d9703f3bcc8a4d159c3b55eacdb01cf2148c55b3eee9dd04d5249"
url = "https://github.com/orhun/git-cliff/releases/download/v2.13.1/git-cliff-2.13.1-x86_64-unknown-linux-musl.tar.gz"
url_api = "https://api.github.com/repos/orhun/git-cliff/releases/assets/405850671"

[tools."aqua:orhun/git-cliff"."platforms.macos-arm64"]
checksum = "sha256:21547ae4a0421164070ab75c2522864ea5565858a011fabc5f583061b20f1226"
url = "https://github.com/orhun/git-cliff/releases/download/v2.13.1/git-cliff-2.13.1-aarch64-apple-darwin.tar.gz"
url_api = "https://api.github.com/repos/orhun/git-cliff/releases/assets/405849885"

[tools."aqua:orhun/git-cliff"."platforms.macos-x64"]
checksum = "sha256:6e60ae390d375cecb9d8008c49f0e724a8dfe40390b532ef5501e421d2cc8acb"
url = "https://github.com/orhun/git-cliff/releases/download/v2.13.1/git-cliff-2.13.1-x86_64-apple-darwin.tar.gz"
url_api = "https://api.github.com/repos/orhun/git-cliff/releases/assets/405850193"

[tools."aqua:orhun/git-cliff"."platforms.windows-x64"]
checksum = "sha256:3ae3a5549e85c7ad5b20192ebcfee4371269deca51255f6f2f2e051c6541f5ca"
url = "https://github.com/orhun/git-cliff/releases/download/v2.13.1/git-cliff-2.13.1-x86_64-pc-windows-msvc.zip"
url_api = "https://api.github.com/repos/orhun/git-cliff/releases/assets/405851866"

[[tools.go]]
version = "1.25.3"
backend = "core:go"

[tools.go."platforms.linux-arm64"]
checksum = "sha256:1d42ebc84999b5e2069f5e31b67d6fc5d67308adad3e178d5a2ee2c9ff2001f5"
url = "https://dl.google.com/go/go1.25.3.linux-arm64.tar.gz"

[tools.go."platforms.linux-arm64-musl"]
checksum = "sha256:1d42ebc84999b5e2069f5e31b67d6fc5d67308adad3e178d5a2ee2c9ff2001f5"
url = "https://dl.google.com/go/go1.25.3.linux-arm64.tar.gz"

[tools.go."platforms.linux-x64"]
checksum = "sha256:0335f314b6e7bfe08c3d0cfaa7c19db961b7b99fb20be62b0a826c992ad14e0f"
url = "https://dl.google.com/go/go1.25.3.linux-amd64.tar.gz"

[tools.go."platforms.linux-x64-musl"]
checksum = "sha256:0335f314b6e7bfe08c3d0cfaa7c19db961b7b99fb20be62b0a826c992ad14e0f"
url = "https://dl.google.com/go/go1.25.3.linux-amd64.tar.gz"

[tools.go."platforms.macos-arm64"]
checksum = "sha256:7c083e3d2c00debfeb2f77d9a4c00a1aac97113b89b9ccc42a90487af3437382"
url = "https://dl.google.com/go/go1.25.3.darwin-arm64.tar.gz"

[tools.go."platforms.macos-x64"]
checksum = "sha256:1641050b422b80dfd6299f8aa7eb8798d1cd23eac7e79f445728926e881b7bcd"
url = "https://dl.google.com/go/go1.25.3.darwin-amd64.tar.gz"

[tools.go."platforms.windows-x64"]
checksum = "sha256:bc249a599c6fe9d0d4093c363856f6c6320dbbe05e5d5d8818b711fb4a14fc23"
url = "https://dl.google.com/go/go1.25.3.windows-amd64.zip"

[[tools.java]]
version = "temurin-21.0.12+8.0.LTS"
backend = "core:java"

[tools.java."platforms.linux-arm64"]
checksum = "sha256:eba38e871b02d407897bfe017ea35352dfc1420ef6d2112425b0c67325ca509d"
url = "https://github.com/adoptium/temurin21-binaries/releases/download/jdk-21.0.12%2B8/OpenJDK21U-jdk_aarch64_linux_hotspot_21.0.12_8.tar.gz"

[tools.java."platforms.linux-arm64-musl"]
checksum = "sha256:a32f7655011640ed8fb4347fffa2588cb7538de2f2e82027845816740560e2b1"
url = "https://github.com/adoptium/temurin21-binaries/releases/download/jdk-21.0.12%2B8/OpenJDK21U-jdk_aarch64_alpine-linux_hotspot_21.0.12_8.tar.gz"

[tools.java."platforms.linux-x64"]
checksum = "sha256:e4446ff06a276155697597cc0f1b15da004ff083f4964a35271ecee567177370"
url = "https://github.com/adoptium/temurin21-binaries/releases/download/jdk-21.0.12%2B8/OpenJDK21U-jdk_x64_linux_hotspot_21.0.12_8.tar.gz"

[tools.java."platforms.linux-x64-musl"]
checksum = "sha256:073a48cb87f788a0cb283d81cc6d96cbc9d671d6a60a3ba6de62e66f0ea9dd47"
url = "https://github.com/adoptium/temurin21-binaries/releases/download/jdk-21.0.12%2B8/OpenJDK21U-jdk_x64_alpine-linux_hotspot_21.0.12_8.tar.gz"

[tools.java."platforms.macos-arm64"]
checksum = "sha256:021d629349ebc12a409faa517b837ec80ceee8f58a5ac85c788ecad07ca6881c"
url = "https://github.com/adoptium/temurin21-binaries/releases/download/jdk-21.0.12%2B8/OpenJDK21U-jdk_aarch64_mac_hotspot_21.0.12_8.tar.gz"

[tools.java."platforms.macos-x64"]
checksum = "sha256:6b85c260eea574a995eacd0b3ee23c8042aa93b23a08e6478edafca0a0333d7f"
url = "https://github.com/adoptium/temurin21-binaries/releases/download/jdk-21.0.12%2B8/OpenJDK21U-jdk_x64_mac_hotspot_21.0.12_8.tar.gz"

[tools.java."platforms.windows-x64"]
checksum = "sha256:9ba963ee2371874a74185d18bc7bb2ab9407df7683300855ed7606e0662321d0"
url = "https://github.com/adoptium/temurin21-binaries/releases/download/jdk-21.0.12%2B8/OpenJDK21U-jdk_x64_windows_hotspot_21.0.12_8.zip"

[[tools.node]]
version = "26.7.0"
backend = "core:node"

[tools.node."platforms.linux-arm64"]
checksum = "sha256:925aa6157dd37542d0d7f2e28b7bf61e7b39284411210b0498bc3788db4aef68"
url = "https://nodejs.org/dist/v26.7.0/node-v26.7.0-linux-arm64.tar.gz"

[tools.node."platforms.linux-arm64-musl"]
checksum = "sha256:e650560ab1ecec0eb5845b43b87d6024c87b4e143c3e044cbb607cc135dbaadb"
url = "https://unofficial-builds.nodejs.org/download/release/v26.7.0/node-v26.7.0-linux-arm64-musl.tar.gz"

[tools.node."platforms.linux-x64"]
checksum = "sha256:bd6b6c31e377bad9ad579bed72e5bc11f4c879ac9452ad51d30e646ea3d828df"
url = "https://nodejs.org/dist/v26.7.0/node-v26.7.0-linux-x64.tar.gz"

[tools.node."platforms.linux-x64-musl"]
checksum = "sha256:84fc4e29e5f86022a40bac50a28a1b9275dd1f32eebbf4db499e2573ff822124"
url = "https://unofficial-builds.nodejs.org/download/release/v26.7.0/node-v26.7.0-linux-x64-musl.tar.gz"

[tools.node."platforms.macos-arm64"]
checksum = "sha256:7ee659a7768e641bbfd5360940660b8e8fd0052f77488f365562bac522fc15d4"
url = "https://nodejs.org/dist/v26.7.0/node-v26.7.0-darwin-arm64.tar.gz"

[tools.node."platforms.macos-x64"]
checksum = "sha256:f279d1ed28ce57f7788bf23435d2ad7fdd7438904ad5c4d8a1081a7cde3d4b96"
url = "https://nodejs.org/dist/v26.7.0/node-v26.7.0-darwin-x64.tar.gz"

[tools.node."platforms.windows-x64"]
checksum = "sha256:d3bd72755141ed32bbcd841228ee81897c8a98d50dfa7dae2179399a0a7c90f8"
url = "https://nodejs.org/dist/v26.7.0/node-v26.7.0-win-x64.zip"

[[tools.pnpm]]
version = "11.21.0"
backend = "aqua:pnpm/pnpm"

[tools.pnpm."platforms.linux-arm64"]
checksum = "sha256:64eb219b008f7a4c176d81fbce919c20b0b7e093e815cbb669d46e681451f43b"
url = "https://github.com/pnpm/pnpm/releases/download/v11.21.0/pnpm-linux-arm64.tar.gz"
url_api = "https://api.github.com/repos/pnpm/pnpm/releases/assets/507585528"
provenance = "github-attestations"

[tools.pnpm."platforms.linux-arm64-musl"]
checksum = "sha256:43587a1f3d26ee009c640378ef377cac3531990579acf0f35646531b7832831d"
url = "https://github.com/pnpm/pnpm/releases/download/v11.21.0/pnpm-linux-arm64-musl.tar.gz"
url_api = "https://api.github.com/repos/pnpm/pnpm/releases/assets/507585511"
provenance = "github-attestations"

[tools.pnpm."platforms.linux-x64"]
checksum = "sha256:aadc489ce4473c2af0fec06a5c19e113b5793d404eac49853c8153bf4b0d8263"
url = "https://github.com/pnpm/pnpm/releases/download/v11.21.0/pnpm-linux-x64.tar.gz"
url_api = "https://api.github.com/repos/pnpm/pnpm/releases/assets/507585503"
provenance = "github-attestations"

[tools.pnpm."platforms.linux-x64-musl"]
checksum = "sha256:8cad0a4d20318c0445d992630ace51edc0853fd259573f50ee5d0216dce9b420"
url = "https://github.com/pnpm/pnpm/releases/download/v11.21.0/pnpm-linux-x64-musl.tar.gz"
url_api = "https://api.github.com/repos/pnpm/pnpm/releases/assets/507585524"
provenance = "github-attestations"

[tools.pnpm."platforms.macos-arm64"]
checksum = "sha256:860a96978a79ca5132bdc247375f94150a3c98edbecbee36e9f8e0c9e2f7f056"
url = "https://github.com/pnpm/pnpm/releases/download/v11.21.0/pnpm-darwin-arm64.tar.gz"
url_api = "https://api.github.com/repos/pnpm/pnpm/releases/assets/507585526"
provenance = "github-attestations"

[tools.pnpm."platforms.windows-x64"]
checksum = "sha256:6643043caa3b01c65c431039926a2af954326d5cefbdb4da7baceceb17f5051f"
url = "https://github.com/pnpm/pnpm/releases/download/v11.21.0/pnpm-win32-x64.zip"
url_api = "https://api.github.com/repos/pnpm/pnpm/releases/assets/507585516"
provenance = "github-attestations"

[[tools.uv]]
version = "0.12.3"
backend = "aqua:astral-sh/uv"

[tools.uv."platforms.linux-arm64"]
checksum = "sha256:fa513fca1eb2913334c944fe9adbdd410274a1cbe8dd05d03699a9eb85311d4e"
url = "https://github.com/astral-sh/uv/releases/download/0.12.3/uv-aarch64-unknown-linux-musl.tar.gz"
url_api = "https://api.github.com/repos/astral-sh/uv/releases/assets/505387718"
provenance = "github-attestations"

[tools.uv."platforms.linux-arm64-musl"]
checksum = "sha256:fa513fca1eb2913334c944fe9adbdd410274a1cbe8dd05d03699a9eb85311d4e"
url = "https://github.com/astral-sh/uv/releases/download/0.12.3/uv-aarch64-unknown-linux-musl.tar.gz"
url_api = "https://api.github.com/repos/astral-sh/uv/releases/assets/505387718"
provenance = "github-attestations"

[tools.uv."platforms.linux-x64"]
checksum = "sha256:0643b9fb8c9fb27458e709ce6ff939695013c41975ff7b02d3f3b138d8d4bdb3"
url = "https://github.com/astral-sh/uv/releases/download/0.12.3/uv-x86_64-unknown-linux-musl.tar.gz"
url_api = "https://api.github.com/repos/astral-sh/uv/releases/assets/505387821"
provenance = "github-attestations"

[tools.uv."platforms.linux-x64-musl"]
checksum = "sha256:0643b9fb8c9fb27458e709ce6ff939695013c41975ff7b02d3f3b138d8d4bdb3"
url = "https://github.com/astral-sh/uv/releases/download/0.12.3/uv-x86_64-unknown-linux-musl.tar.gz"
url_api = "https://api.github.com/repos/astral-sh/uv/releases/assets/505387821"
provenance = "github-attestations"

[tools.uv."platforms.macos-arm64"]
checksum = "sha256:546f7f8a6c70ff13a3a9d2bc958db3427298cebf3e0cb756f9177133b7068843"
url = "https://github.com/astral-sh/uv/releases/download/0.12.3/uv-aarch64-apple-darwin.tar.gz"
url_api = "https://api.github.com/repos/astral-sh/uv/releases/assets/505387707"
provenance = "github-attestations"

[tools.uv."platforms.macos-x64"]
checksum = "sha256:4c9f52262a14da336e4a42ed24992d12d0c956acde87619e4611d321dffa602b"
url = "https://github.com/astral-sh/uv/releases/download/0.12.3/uv-x86_64-apple-darwin.tar.gz"
url_api = "https://api.github.com/repos/astral-sh/uv/releases/assets/505387807"
provenance = "github-attestations"

[tools.uv."platforms.windows-x64"]
checksum = "sha256:b23350c79e8ad0192b8124af13a0f17e8d4e4549524785e1aef389ae5a06990e"
url = "https://github.com/astral-sh/uv/releases/download/0.12.3/uv-x86_64-pc-windows-msvc.zip"
url_api = "https://api.github.com/repos/astral-sh/uv/releases/assets/505387809"
provenance = "github-attestations"

[[tools.watchexec]]
version = "2.5.1"
backend = "aqua:watchexec/watchexec"

[tools.watchexec."platforms.linux-arm64"]
checksum = "sha256:c073887583d502fa0b393a8b847bb4460a111b3b0a199d1f70dafd5d89e71a2f"
url = "https://github.com/watchexec/watchexec/releases/download/v2.5.1/watchexec-2.5.1-aarch64-unknown-linux-musl.tar.xz"
url_api = "https://api.github.com/repos/watchexec/watchexec/releases/assets/384489962"

[tools.watchexec."platforms.linux-arm64-musl"]
checksum = "sha256:c073887583d502fa0b393a8b847bb4460a111b3b0a199d1f70dafd5d89e71a2f"
url = "https://github.com/watchexec/watchexec/releases/download/v2.5.1/watchexec-2.5.1-aarch64-unknown-linux-musl.tar.xz"
url_api = "https://api.github.com/repos/watchexec/watchexec/releases/assets/384489962"

[tools.watchexec."platforms.linux-x64"]
checksum = "sha256:9efabd08de720c1ee7e57b487fe11904f0966828e76146e2b5ea5deee90626be"
url = "https://github.com/watchexec/watchexec/releases/download/v2.5.1/watchexec-2.5.1-x86_64-unknown-linux-musl.tar.xz"
url_api = "https://api.github.com/repos/watchexec/watchexec/releases/assets/384489936"

[tools.watchexec."platforms.linux-x64-musl"]
checksum = "sha256:9efabd08de720c1ee7e57b487fe11904f0966828e76146e2b5ea5deee90626be"
url = "https://github.com/watchexec/watchexec/releases/download/v2.5.1/watchexec-2.5.1-x86_64-unknown-linux-musl.tar.xz"
url_api = "https://api.github.com/repos/watchexec/watchexec/releases/assets/384489936"

[tools.watchexec."platforms.macos-arm64"]
checksum = "sha256:c5e405dd1109940b2510398d2182990c1be59063b94e11d7ace9c7b435cb1df1"
url = "https://github.com/watchexec/watchexec/releases/download/v2.5.1/watchexec-2.5.1-aarch64-apple-darwin.tar.xz"
url_api = "https://api.github.com/repos/watchexec/watchexec/releases/assets/384489930"

[tools.watchexec."platforms.macos-x64"]
checksum = "sha256:bb74bf33286ff7f31dd8e763e017fbc0418360d88baefd35bc57d662d28394e2"
url = "https://github.com/watchexec/watchexec/releases/download/v2.5.1/watchexec-2.5.1-x86_64-apple-darwin.tar.xz"
url_api = "https://api.github.com/repos/watchexec/watchexec/releases/assets/384489931"

[tools.watchexec."platforms.windows-x64"]
checksum = "sha256:aa448c2704ca1a37ce0f1fc75381d9a411946dd293cf6236293f549426a577f7"
url = "https://github.com/watchexec/watchexec/releases/download/v2.5.1/watchexec-2.5.1-x86_64-pc-windows-msvc.zip"
url_api = "https://api.github.com/repos/watchexec/watchexec/releases/assets/384489949"
